
Microsoft Visual Studio Solution File, Format Version 12.00
# Visual Studio Version 16
VisualStudioVersion = 16.0.31321.278
MinimumVisualStudioVersion = 10.0.40219.1
Project("{FAE04EC0-301F-11D3-BF4B-00C04F79EFBC}") = "Operators_Stretch_Zachory", "Operators_Stretch_Zachory\Operators_Stretch_Zachory.csproj", "{791A0576-E068-4239-B237-51665F03AC63}"
EndProject
Global
	GlobalSection(SolutionConfigurationPlatforms) = preSolution
		Debug|Any CPU = Debug|Any CPU
		Release|Any CPU = Release|Any CPU
	EndGlobalSection
	GlobalSection(ProjectConfigurationPlatforms) = postSolution
		{791A0576-E068-4239-B237-51665F03AC63}.Debug|Any CPU.ActiveCfg = Debug|Any CPU
		{791A0576-E068-4239-B237-51665F03AC63}.Debug|Any CPU.Build.0 = Debug|Any CPU
		{791A0576-E068-4239-B237-51665F03AC63}.Release|Any CPU.ActiveCfg = Release|Any CPU
		{791A0576-E068-4239-B237-51665F03AC63}.Release|Any CPU.Build.0 = Release|Any CPU
	EndGlobalSection
	GlobalSection(SolutionProperties) = preSolution
		HideSolutionNode = FALSE
	EndGlobalSection
	GlobalSection(ExtensibilityGlobals) = postSolution
		SolutionGuid = {F38F713F-3463-446B-AD3C-9670A85F0676}
	EndGlobalSection
EndGlobal
